lockfileVersion: '9.0'

settings:
  autoInstallPeers: true
  excludeLinksFromLockfile: false

importers:

  .:
    dependencies:
      '@mantine/carousel':
        specifier: ^7.13.5
        version: 7.13.5(@mantine/core@7.13.5(@mantine/hooks@7.13.5(react@18.3.1))(react-dom@18.3.1(react@18.3.1))(react@18.3.1))(@mantine/hooks@7.13.5(react@18.3.1))(embla-carousel-react@8.3.1(react@18.3.1))(react-dom@18.3.1(react@18.3.1))(react@18.3.1)

packages:

  '@babel/runtime@7.26.0':
    resolution: {integrity: sha512-FDSOghenHTiToteC/QRlv2q3DhPZ/oOXTBoirfWNx1Cx3TMVcGWQtMMmQcSvb/JjpNeGzx8Pq/b4fKEJuWm1sw==}
    engines: {node: '>=6.9.0'}

  '@floating-ui/core@1.6.8':
    resolution: {integrity: sha512-7XJ9cPU+yI2QeLS+FCSlqNFZJq8arvswefkZrYI1yQBbftw6FyrZOxYSh+9S7z7TpeWlRt9zJ5IhM1WIL334jA==}

  '@floating-ui/dom@1.6.12':
    resolution: {integrity: sha512-NP83c0HjokcGVEMeoStg317VD9W7eDlGK7457dMBANbKA6GJZdc7rjujdgqzTaz93jkGgc5P/jeWbaCHnMNc+w==}

  '@floating-ui/react-dom@2.1.2':
    resolution: {integrity: sha512-06okr5cgPzMNBy+Ycse2A6udMi4bqwW/zgBF/rwjcNqWkyr82Mcg8b0vjX8OJpZFy/FKjJmw6wV7t44kK6kW7A==}
    peerDependencies:
      react: '>=16.8.0'
      react-dom: '>=16.8.0'

  '@floating-ui/react@0.26.27':
    resolution: {integrity: sha512-jLP72x0Kr2CgY6eTYi/ra3VA9LOkTo4C+DUTrbFgFOExKy3omYVmwMjNKqxAHdsnyLS96BIDLcO2SlnsNf8KUQ==}
    peerDependencies:
      react: '>=16.8.0'
      react-dom: '>=16.8.0'

  '@floating-ui/utils@0.2.8':
    resolution: {integrity: sha512-kym7SodPp8/wloecOpcmSnWJsK7M0E5Wg8UcFA+uO4B9s5d0ywXOEro/8HM9x0rW+TljRzul/14UYz3TleT3ig==}

  '@mantine/carousel@7.13.5':
    resolution: {integrity: sha512-LHqoaYaIgV3kr9hwBEkx92DLlquENENfLiAWF3u8pCDAHq4N51gtJUgQIdvd0B850s6T55k0G/pBj1GedVkIqw==}
    peerDependencies:
      '@mantine/core': 7.13.5
      '@mantine/hooks': 7.13.5
      embla-carousel-react: '>=7.0.0'
      react: ^18.x || ^19.x
      react-dom: ^18.x || ^19.x

  '@mantine/core@7.13.5':
    resolution: {integrity: sha512-1m0C0qH9eIWJZy19M06kKNWbbSLZhsTDvHPqTxMgvFg6JuSN7a6r3v6fqCbvaI1kTQiK51NMe+9vMNVnw4zOsA==}
    peerDependencies:
      '@mantine/hooks': 7.13.5
      react: ^18.x || ^19.x
      react-dom: ^18.x || ^19.x

  '@mantine/hooks@7.13.5':
    resolution: {integrity: sha512-hxFOQn6NeN7fP37VXZh7z5KxwqA9HYmydivIay0jyQTYA4Falc8Pb4ozSxnyFbXyxzUWcFIQL4xayHRvedgE+Q==}
    peerDependencies:
      react: ^18.x || ^19.x

  clsx@2.1.1:
    resolution: {integrity: sha512-eYm0QWBtUrBWZWG0d386OGAw16Z995PiOVo2B7bjWSbHedGl5e0ZWaq65kOGgUSNesEIDkB9ISbTg/JK9dhCZA==}
    engines: {node: '>=6'}

  detect-node-es@1.1.0:
    resolution: {integrity: sha512-ypdmJU/TbBby2Dxibuv7ZLW3Bs1QEmM7nHjEANfohJLvE0XVujisn1qPJcZxg+qDucsr+bP6fLD1rPS3AhJ7EQ==}

  embla-carousel-react@8.3.1:
    resolution: {integrity: sha512-gBY0zM+2ASvKFwRpTIOn2SLifFqOKKap9R/y0iCpJWS3bc8OHVEn2gAThGYl2uq0N+hu9aBiswffL++OYZOmDQ==}
    peerDependencies:
      react: ^16.8.0 || ^17.0.1 || ^18.0.0 || ^19.0.0 || ^19.0.0-rc

  embla-carousel-reactive-utils@8.3.1:
    resolution: {integrity: sha512-Js6rTTINNGnUGPu7l5kTcheoSbEnP5Ak2iX0G9uOoI8okTNLMzuWlEIpYFd1WP0Sq82FFcLkKM2oiO6jcElZ/Q==}
    peerDependencies:
      embla-carousel: 8.3.1

  embla-carousel@8.3.1:
    resolution: {integrity: sha512-DutFjtEO586XptDn4cwvBJwsR/8fMa4jUk5Jk2g+/elKgu8mdn0Z2sx33g4JskvbLc1/6P8Xg4QlfELGJFcP5A==}

  get-nonce@1.0.1:
    resolution: {integrity: sha512-FJhYRoDaiatfEkUK8HKlicmu/3SGFD51q3itKDGoSTysQJBnfOcxU5GxnhE1E6soB76MbT0MBtnKJuXyAx+96Q==}
    engines: {node: '>=6'}

  invariant@2.2.4:
    resolution: {integrity: sha512-phJfQVBuaJM5raOpJjSfkiD6BpbCE4Ns//LaXl6wGYtUBY83nWS6Rf9tXm2e8VaK60JEjYldbPif/A2B1C2gNA==}

  js-tokens@4.0.0:
    resolution: {integrity: sha512-RdJUflcE3cUzKiMqQgsCu06FPu9UdIJO0beYbPhHN4k6apgJtifcoCtT9bcxOpYBtpD2kCM6Sbzg4CausW/PKQ==}

  loose-envify@1.4.0:
    resolution: {integrity: sha512-lyuxPGr/Wfhrlem2CL/UcnUc1zcqKAImBDzukY7Y5F/yQiNdko6+fRLevlw1HgMySw7f611UIY408EtxRSoK3Q==}
    hasBin: true

  react-dom@18.3.1:
    resolution: {integrity: sha512-5m4nQKp+rZRb09LNH59GM4BxTh9251/ylbKIbpe7TpGxfJ+9kv6BLkLBXIjjspbgbnIBNqlI23tRnTWT0snUIw==}
    peerDependencies:
      react: ^18.3.1

  react-number-format@5.4.2:
    resolution: {integrity: sha512-cg//jVdS49PYDgmcYoBnMMHl4XNTMuV723ZnHD2aXYtWWWqbVF3hjQ8iB+UZEuXapLbeA8P8H+1o6ZB1lcw3vg==}
    peerDependencies:
      react: ^0.14 || ^15.0.0 || ^16.0.0 || ^17.0.0 || ^18.0.0
      react-dom: ^0.14 || ^15.0.0 || ^16.0.0 || ^17.0.0 || ^18.0.0

  react-remove-scroll-bar@2.3.6:
    resolution: {integrity: sha512-DtSYaao4mBmX+HDo5YWYdBWQwYIQQshUV/dVxFxK+KM26Wjwp1gZ6rv6OC3oujI6Bfu6Xyg3TwK533AQutsn/g==}
    engines: {node: '>=10'}
    peerDependencies:
      '@types/react': ^16.8.0 || ^17.0.0 || ^18.0.0
      react: ^16.8.0 || ^17.0.0 || ^18.0.0
    peerDependenciesMeta:
      '@types/react':
        optional: true

  react-remove-scroll@2.6.0:
    resolution: {integrity: sha512-I2U4JVEsQenxDAKaVa3VZ/JeJZe0/2DxPWL8Tj8yLKctQJQiZM52pn/GWFpSp8dftjM3pSAHVJZscAnC/y+ySQ==}
    engines: {node: '>=10'}
    peerDependencies:
      '@types/react': ^16.8.0 || ^17.0.0 || ^18.0.0
      react: ^16.8.0 || ^17.0.0 || ^18.0.0
    peerDependenciesMeta:
      '@types/react':
        optional: true

  react-style-singleton@2.2.1:
    resolution: {integrity: sha512-ZWj0fHEMyWkHzKYUr2Bs/4zU6XLmq9HsgBURm7g5pAVfyn49DgUiNgY2d4lXRlYSiCif9YBGpQleewkcqddc7g==}
    engines: {node: '>=10'}
    peerDependencies:
      '@types/react': ^16.8.0 || ^17.0.0 || ^18.0.0
      react: ^16.8.0 || ^17.0.0 || ^18.0.0
    peerDependenciesMeta:
      '@types/react':
        optional: true

  react-textarea-autosize@8.5.4:
    resolution: {integrity: sha512-eSSjVtRLcLfFwFcariT77t9hcbVJHQV76b51QjQGarQIHml2+gM2lms0n3XrhnDmgK5B+/Z7TmQk5OHNzqYm/A==}
    engines: {node: '>=10'}
    peerDependencies:
      react: ^16.8.0 || ^17.0.0 || ^18.0.0

  react@18.3.1:
    resolution: {integrity: sha512-wS+hAgJShR0KhEvPJArfuPVN1+Hz1t0Y6n5jLrGQbkb4urgPE/0Rve+1kMB1v/oWgHgm4WIcV+i7F2pTVj+2iQ==}
    engines: {node: '>=0.10.0'}

  regenerator-runtime@0.14.1:
    resolution: {integrity: sha512-dYnhHh0nJoMfnkZs6GmmhFknAGRrLznOu5nc9ML+EJxGvrx6H7teuevqVqCuPcPK//3eDrrjQhehXVx9cnkGdw==}

  scheduler@0.23.2:
    resolution: {integrity: sha512-UOShsPwz7NrMUqhR6t0hWjFduvOzbtv7toDH1/hIrfRNIDBnnBWd0CwJTGvTpngVlmwGCdP9/Zl/tVrDqcuYzQ==}

  tabbable@6.2.0:
    resolution: {integrity: sha512-Cat63mxsVJlzYvN51JmVXIgNoUokrIaT2zLclCXjRd8boZ0004U4KCs/sToJ75C6sdlByWxpYnb5Boif1VSFew==}

  tslib@2.8.1:
    resolution: {integrity: sha512-oJFu94HQb+KVduSUQL7wnpmqnfmLsOA/nAh6b6EH0wCEoK0/mPeXU6c3wKDV83MkOuHPRHtSXKKU99IBazS/2w==}

  type-fest@4.26.1:
    resolution: {integrity: sha512-yOGpmOAL7CkKe/91I5O3gPICmJNLJ1G4zFYVAsRHg7M64biSnPtRj0WNQt++bRkjYOqjWXrhnUw1utzmVErAdg==}
    engines: {node: '>=16'}

  use-callback-ref@1.3.2:
    resolution: {integrity: sha512-elOQwe6Q8gqZgDA8mrh44qRTQqpIHDcZ3hXTLjBe1i4ph8XpNJnO+aQf3NaG+lriLopI4HMx9VjQLfPQ6vhnoA==}
    engines: {node: '>=10'}
    peerDependencies:
      '@types/react': ^16.8.0 || ^17.0.0 || ^18.0.0
      react: ^16.8.0 || ^17.0.0 || ^18.0.0
    peerDependenciesMeta:
      '@types/react':
        optional: true

  use-composed-ref@1.3.0:
    resolution: {integrity: sha512-GLMG0Jc/jiKov/3Ulid1wbv3r54K9HlMW29IWcDFPEqFkSO2nS0MuefWgMJpeHQ9YJeXDL3ZUF+P3jdXlZX/cQ==}
    peerDependencies:
      react: ^16.8.0 || ^17.0.0 || ^18.0.0

  use-isomorphic-layout-effect@1.1.2:
    resolution: {integrity: sha512-49L8yCO3iGT/ZF9QttjwLF/ZD9Iwto5LnH5LmEdk/6cFmXddqi2ulF0edxTwjj+7mqvpVVGQWvbXZdn32wRSHA==}
    peerDependencies:
      '@types/react': '*'
      react: ^16.8.0 || ^17.0.0 || ^18.0.0
    peerDependenciesMeta:
      '@types/react':
        optional: true

  use-latest@1.2.1:
    resolution: {integrity: sha512-xA+AVm/Wlg3e2P/JiItTziwS7FK92LWrDB0p+hgXloIMuVCeJJ8v6f0eeHyPZaJrM+usM1FkFfbNCrJGs8A/zw==}
    peerDependencies:
      '@types/react': '*'
      react: ^16.8.0 || ^17.0.0 || ^18.0.0
    peerDependenciesMeta:
      '@types/react':
        optional: true

  use-sidecar@1.1.2:
    resolution: {integrity: sha512-epTbsLuzZ7lPClpz2TyryBfztm7m+28DlEv2ZCQ3MDr5ssiwyOwGH/e5F9CkfWjJ1t4clvI58yF822/GUkjjhw==}
    engines: {node: '>=10'}
    peerDependencies:
      '@types/react': ^16.9.0 || ^17.0.0 || ^18.0.0
      react: ^16.8.0 || ^17.0.0 || ^18.0.0
    peerDependenciesMeta:
      '@types/react':
        optional: true

snapshots:

  '@babel/runtime@7.26.0':
    dependencies:
      regenerator-runtime: 0.14.1

  '@floating-ui/core@1.6.8':
    dependencies:
      '@floating-ui/utils': 0.2.8

  '@floating-ui/dom@1.6.12':
    dependencies:
      '@floating-ui/core': 1.6.8
      '@floating-ui/utils': 0.2.8

  '@floating-ui/react-dom@2.1.2(react-dom@18.3.1(react@18.3.1))(react@18.3.1)':
    dependencies:
      '@floating-ui/dom': 1.6.12
      react: 18.3.1
      react-dom: 18.3.1(react@18.3.1)

  '@floating-ui/react@0.26.27(react-dom@18.3.1(react@18.3.1))(react@18.3.1)':
    dependencies:
      '@floating-ui/react-dom': 2.1.2(react-dom@18.3.1(react@18.3.1))(react@18.3.1)
      '@floating-ui/utils': 0.2.8
      react: 18.3.1
      react-dom: 18.3.1(react@18.3.1)
      tabbable: 6.2.0

  '@floating-ui/utils@0.2.8': {}

  '@mantine/carousel@7.13.5(@mantine/core@7.13.5(@mantine/hooks@7.13.5(react@18.3.1))(react-dom@18.3.1(react@18.3.1))(react@18.3.1))(@mantine/hooks@7.13.5(react@18.3.1))(embla-carousel-react@8.3.1(react@18.3.1))(react-dom@18.3.1(react@18.3.1))(react@18.3.1)':
    dependencies:
      '@mantine/core': 7.13.5(@mantine/hooks@7.13.5(react@18.3.1))(react-dom@18.3.1(react@18.3.1))(react@18.3.1)
      '@mantine/hooks': 7.13.5(react@18.3.1)
      embla-carousel-react: 8.3.1(react@18.3.1)
      react: 18.3.1
      react-dom: 18.3.1(react@18.3.1)

  '@mantine/core@7.13.5(@mantine/hooks@7.13.5(react@18.3.1))(react-dom@18.3.1(react@18.3.1))(react@18.3.1)':
    dependencies:
      '@floating-ui/react': 0.26.27(react-dom@18.3.1(react@18.3.1))(react@18.3.1)
      '@mantine/hooks': 7.13.5(react@18.3.1)
      clsx: 2.1.1
      react: 18.3.1
      react-dom: 18.3.1(react@18.3.1)
      react-number-format: 5.4.2(react-dom@18.3.1(react@18.3.1))(react@18.3.1)
      react-remove-scroll: 2.6.0(react@18.3.1)
      react-textarea-autosize: 8.5.4(react@18.3.1)
      type-fest: 4.26.1
    transitivePeerDependencies:
      - '@types/react'

  '@mantine/hooks@7.13.5(react@18.3.1)':
    dependencies:
      react: 18.3.1

  clsx@2.1.1: {}

  detect-node-es@1.1.0: {}

  embla-carousel-react@8.3.1(react@18.3.1):
    dependencies:
      embla-carousel: 8.3.1
      embla-carousel-reactive-utils: 8.3.1(embla-carousel@8.3.1)
      react: 18.3.1

  embla-carousel-reactive-utils@8.3.1(embla-carousel@8.3.1):
    dependencies:
      embla-carousel: 8.3.1

  embla-carousel@8.3.1: {}

  get-nonce@1.0.1: {}

  invariant@2.2.4:
    dependencies:
      loose-envify: 1.4.0

  js-tokens@4.0.0: {}

  loose-envify@1.4.0:
    dependencies:
      js-tokens: 4.0.0

  react-dom@18.3.1(react@18.3.1):
    dependencies:
      loose-envify: 1.4.0
      react: 18.3.1
      scheduler: 0.23.2

  react-number-format@5.4.2(react-dom@18.3.1(react@18.3.1))(react@18.3.1):
    dependencies:
      react: 18.3.1
      react-dom: 18.3.1(react@18.3.1)

  react-remove-scroll-bar@2.3.6(react@18.3.1):
    dependencies:
      react: 18.3.1
      react-style-singleton: 2.2.1(react@18.3.1)
      tslib: 2.8.1

  react-remove-scroll@2.6.0(react@18.3.1):
    dependencies:
      react: 18.3.1
      react-remove-scroll-bar: 2.3.6(react@18.3.1)
      react-style-singleton: 2.2.1(react@18.3.1)
      tslib: 2.8.1
      use-callback-ref: 1.3.2(react@18.3.1)
      use-sidecar: 1.1.2(react@18.3.1)

  react-style-singleton@2.2.1(react@18.3.1):
    dependencies:
      get-nonce: 1.0.1
      invariant: 2.2.4
      react: 18.3.1
      tslib: 2.8.1

  react-textarea-autosize@8.5.4(react@18.3.1):
    dependencies:
      '@babel/runtime': 7.26.0
      react: 18.3.1
      use-composed-ref: 1.3.0(react@18.3.1)
      use-latest: 1.2.1(react@18.3.1)
    transitivePeerDependencies:
      - '@types/react'

  react@18.3.1:
    dependencies:
      loose-envify: 1.4.0

  regenerator-runtime@0.14.1: {}

  scheduler@0.23.2:
    dependencies:
      loose-envify: 1.4.0

  tabbable@6.2.0: {}

  tslib@2.8.1: {}

  type-fest@4.26.1: {}

  use-callback-ref@1.3.2(react@18.3.1):
    dependencies:
      react: 18.3.1
      tslib: 2.8.1

  use-composed-ref@1.3.0(react@18.3.1):
    dependencies:
      react: 18.3.1

  use-isomorphic-layout-effect@1.1.2(react@18.3.1):
    dependencies:
      react: 18.3.1

  use-latest@1.2.1(react@18.3.1):
    dependencies:
      react: 18.3.1
      use-isomorphic-layout-effect: 1.1.2(react@18.3.1)

  use-sidecar@1.1.2(react@18.3.1):
    dependencies:
      detect-node-es: 1.1.0
      react: 18.3.1
      tslib: 2.8.1
